// !$*UTF8*$!
{
	archiveVersion = 1;
	classes = {
	};
	objectVersion = 56;
	objects = {

/* Begin PBXBuildFile section */
		BB5CEB312992693400517ADC /* AppDelegate.swift in Sources */ = {isa = PBXBuildFile; fileRef = BB5CEB302992693400517ADC /* AppDelegate.swift */; };
		BB5CEB332992693400517ADC /* SceneDelegate.swift in Sources */ = {isa = PBXBuildFile; fileRef = BB5CEB322992693400517ADC /* SceneDelegate.swift */; };
		BB5CEB352992693400517ADC /* RMTabBarController.swift in Sources */ = {isa = PBXBuildFile; fileRef = BB5CEB342992693400517ADC /* RMTabBarController.swift */; };
		BB5CEB3A2992693600517ADC /* Assets.xcassets in Resources */ = {isa = PBXBuildFile; fileRef = BB5CEB392992693600517ADC /* Assets.xcassets */; };
		BB5CEB3D2992693600517ADC /* LaunchScreen.storyboard in Resources */ = {isa = PBXBuildFile; fileRef = BB5CEB3B2992693600517ADC /* LaunchScreen.storyboard */; };
		BB5CEB4C29926B9A00517ADC /* RMLocation.swift in Sources */ = {isa = PBXBuildFile; fileRef = BB5CEB4B29926B9A00517ADC /* RMLocation.swift */; };
		BB5CEB4E29926BAD00517ADC /* RMCharacters.swift in Sources */ = {isa = PBXBuildFile; fileRef = BB5CEB4D29926BAD00517ADC /* RMCharacters.swift */; };
		BB5CEB5029926BBB00517ADC /* RMEpisode.swift in Sources */ = {isa = PBXBuildFile; fileRef = BB5CEB4F29926BBB00517ADC /* RMEpisode.swift */; };
		BB5CEB5229926C9100517ADC /* RMCharacterViewController.swift in Sources */ = {isa = PBXBuildFile; fileRef = BB5CEB5129926C9100517ADC /* RMCharacterViewController.swift */; };
		BB5CEB5429926CA700517ADC /* RMLocationViewController.swift in Sources */ = {isa = PBXBuildFile; fileRef = BB5CEB5329926CA700517ADC /* RMLocationViewController.swift */; };
		BB5CEB5629926CBD00517ADC /* RMEpisodeViewController.swift in Sources */ = {isa = PBXBuildFile; fileRef = BB5CEB5529926CBD00517ADC /* RMEpisodeViewController.swift */; };
		BB5CEB5829926CCF00517ADC /* RMSettingsViewController.swift in Sources */ = {isa = PBXBuildFile; fileRef = BB5CEB5729926CCF00517ADC /* RMSettingsViewController.swift */; };
		BB5CEB5B2992869300517ADC /* RMService.swift in Sources */ = {isa = PBXBuildFile; fileRef = BB5CEB5A2992869300517ADC /* RMService.swift */; };
		BB5CEB5D299286B500517ADC /* RMRequest.swift in Sources */ = {isa = PBXBuildFile; fileRef = BB5CEB5C299286B500517ADC /* RMRequest.swift */; };
		BB5CEB5F29928E5800517ADC /* RMEndpoint.swift in Sources */ = {isa = PBXBuildFile; fileRef = BB5CEB5E29928E5800517ADC /* RMEndpoint.swift */; };
		BB5CEB6129967BC700517ADC /* RMOrigin.swift in Sources */ = {isa = PBXBuildFile; fileRef = BB5CEB6029967BC700517ADC /* RMOrigin.swift */; };
		BB5CEB63299686F500517ADC /* RMSingleLocation.swift in Sources */ = {isa = PBXBuildFile; fileRef = BB5CEB62299686F500517ADC /* RMSingleLocation.swift */; };
		BB5CEB652997A1FF00517ADC /* RMCharacterStatus.swift in Sources */ = {isa = PBXBuildFile; fileRef = BB5CEB642997A1FF00517ADC /* RMCharacterStatus.swift */; };
		BB5CEB672997A28600517ADC /* RMCharacterGender.swift in Sources */ = {isa = PBXBuildFile; fileRef = BB5CEB662997A28600517ADC /* RMCharacterGender.swift */; };
		BB5CEB6D29993C7F00517ADC /* RMGetAllCharactersResponse.swift in Sources */ = {isa = PBXBuildFile; fileRef = BB5CEB6C29993C7F00517ADC /* RMGetAllCharactersResponse.swift */; };
		BB5CEB6F299948E700517ADC /* RMCharacterListViewViewModel.swift in Sources */ = {isa = PBXBuildFile; fileRef = BB5CEB6E299948E700517ADC /* RMCharacterListViewViewModel.swift */; };
		BB5CEB712999497400517ADC /* RMCharacterListView.swift in Sources */ = {isa = PBXBuildFile; fileRef = BB5CEB702999497400517ADC /* RMCharacterListView.swift */; };
		BB5CEB73299965C000517ADC /* Extensions.swift in Sources */ = {isa = PBXBuildFile; fileRef = BB5CEB72299965C000517ADC /* Extensions.swift */; };
		BB5CEB752999850600517ADC /* RMCharacterCollectionViewCell.swift in Sources */ = {isa = PBXBuildFile; fileRef = BB5CEB742999850600517ADC /* RMCharacterCollectionViewCell.swift */; };
		BB5CEB77299A5E7000517ADC /* RMCharacterCollectionViewCellViewModel.swift in Sources */ = {isa = PBXBuildFile; fileRef = BB5CEB76299A5E7000517ADC /* RMCharacterCollectionViewCellViewModel.swift */; };
		BB5CEB7A299AA36100517ADC /* RMCharacterDetailViewController.swift in Sources */ = {isa = PBXBuildFile; fileRef = BB5CEB79299AA36100517ADC /* RMCharacterDetailViewController.swift */; };
		BB5CEB7C299AA41200517ADC /* RMCharacterDetailView.swift in Sources */ = {isa = PBXBuildFile; fileRef = BB5CEB7B299AA41200517ADC /* RMCharacterDetailView.swift */; };
		BB5CEB7E299AA43000517ADC /* RMCharacterDetailViewViewModel.swift in Sources */ = {isa = PBXBuildFile; fileRef = BB5CEB7D299AA43000517ADC /* RMCharacterDetailViewViewModel.swift */; };
		BB5CEB80299ABFE500517ADC /* RMFooterLoadingCollectionReusableView.swift in Sources */ = {isa = PBXBuildFile; fileRef = BB5CEB7F299ABFE500517ADC /* RMFooterLoadingCollectionReusableView.swift */; };
		BB5CEB82299C058700517ADC /* RMImageLoader.swift in Sources */ = {isa = PBXBuildFile; fileRef = BB5CEB81299C058700517ADC /* RMImageLoader.swift */; };
/* End PBXBuildFile section */

/* Begin PBXFileReference section */
		BB5CEB2D2992693400517ADC /* RickAndMorty.app */ = {isa = PBXFileReference; explicitFileType = wrapper.application; includeInIndex = 0; path = RickAndMorty.app; sourceTree = BUILT_PRODUCTS_DIR; };
		BB5CEB302992693400517ADC /* AppDelegate.swift */ = {isa = PBXFileReference; lastKnownFileType = sourcecode.swift; path = AppDelegate.swift; sourceTree = "<group>"; };
		BB5CEB322992693400517ADC /* SceneDelegate.swift */ = {isa = PBXFileReference; lastKnownFileType = sourcecode.swift; path = SceneDelegate.swift; sourceTree = "<group>"; };
		BB5CEB342992693400517ADC /* RMTabBarController.swift */ = {isa = PBXFileReference; lastKnownFileType = sourcecode.swift; path = RMTabBarController.swift; sourceTree = "<group>"; };
		BB5CEB392992693600517ADC /* Assets.xcassets */ = {isa = PBXFileReference; lastKnownFileType = folder.assetcatalog; path = Assets.xcassets; sourceTree = "<group>"; };
		BB5CEB3C2992693600517ADC /* Base */ = {isa = PBXFileReference; lastKnownFileType = file.storyboard; name = Base; path = Base.lproj/LaunchScreen.storyboard; sourceTree = "<group>"; };
		BB5CEB3E2992693600517ADC /* Info.plist */ = {isa = PBXFileReference; lastKnownFileType = text.plist.xml; path = Info.plist; sourceTree = "<group>"; };
		BB5CEB4B29926B9A00517ADC /* RMLocation.swift */ = {isa = PBXFileReference; lastKnownFileType = sourcecode.swift; path = RMLocation.swift; sourceTree = "<group>"; };
		BB5CEB4D29926BAD00517ADC /* RMCharacters.swift */ = {isa = PBXFileReference; lastKnownFileType = sourcecode.swift; path = RMCharacters.swift; sourceTree = "<group>"; };
		BB5CEB4F29926BBB00517ADC /* RMEpisode.swift */ = {isa = PBXFileReference; lastKnownFileType = sourcecode.swift; path = RMEpisode.swift; sourceTree = "<group>"; };
		BB5CEB5129926C9100517ADC /* RMCharacterViewController.swift */ = {isa = PBXFileReference; lastKnownFileType = sourcecode.swift; path = RMCharacterViewController.swift; sourceTree = "<group>"; };
		BB5CEB5329926CA700517ADC /* RMLocationViewController.swift */ = {isa = PBXFileReference; lastKnownFileType = sourcecode.swift; path = RMLocationViewController.swift; sourceTree = "<group>"; };
		BB5CEB5529926CBD00517ADC /* RMEpisodeViewController.swift */ = {isa = PBXFileReference; lastKnownFileType = sourcecode.swift; path = RMEpisodeViewController.swift; sourceTree = "<group>"; };
		BB5CEB5729926CCF00517ADC /* RMSettingsViewController.swift */ = {isa = PBXFileReference; lastKnownFileType = sourcecode.swift; path = RMSettingsViewController.swift; sourceTree = "<group>"; };
		BB5CEB5A2992869300517ADC /* RMService.swift */ = {isa = PBXFileReference; lastKnownFileType = sourcecode.swift; path = RMService.swift; sourceTree = "<group>"; };
		BB5CEB5C299286B500517ADC /* RMRequest.swift */ = {isa = PBXFileReference; lastKnownFileType = sourcecode.swift; path = RMRequest.swift; sourceTree = "<group>"; };
		BB5CEB5E29928E5800517ADC /* RMEndpoint.swift */ = {isa = PBXFileReference; lastKnownFileType = sourcecode.swift; path = RMEndpoint.swift; sourceTree = "<group>"; };
		BB5CEB6029967BC700517ADC /* RMOrigin.swift */ = {isa = PBXFileReference; lastKnownFileType = sourcecode.swift; path = RMOrigin.swift; sourceTree = "<group>"; };
		BB5CEB62299686F500517ADC /* RMSingleLocation.swift */ = {isa = PBXFileReference; lastKnownFileType = sourcecode.swift; path = RMSingleLocation.swift; sourceTree = "<group>"; };
		BB5CEB642997A1FF00517ADC /* RMCharacterStatus.swift */ = {isa = PBXFileReference; lastKnownFileType = sourcecode.swift; path = RMCharacterStatus.swift; sourceTree = "<group>"; };
		BB5CEB662997A28600517ADC /* RMCharacterGender.swift */ = {isa = PBXFileReference; lastKnownFileType = sourcecode.swift; path = RMCharacterGender.swift; sourceTree = "<group>"; };
		BB5CEB6C29993C7F00517ADC /* RMGetAllCharactersResponse.swift */ = {isa = PBXFileReference; lastKnownFileType = sourcecode.swift; path = RMGetAllCharactersResponse.swift; sourceTree = "<group>"; };
		BB5CEB6E299948E700517ADC /* RMCharacterListViewViewModel.swift */ = {isa = PBXFileReference; lastKnownFileType = sourcecode.swift; path = RMCharacterListViewViewModel.swift; sourceTree = "<group>"; };
		BB5CEB702999497400517ADC /* RMCharacterListView.swift */ = {isa = PBXFileReference; lastKnownFileType = sourcecode.swift; path = RMCharacterListView.swift; sourceTree = "<group>"; };
		BB5CEB72299965C000517ADC /* Extensions.swift */ = {isa = PBXFileReference; lastKnownFileType = sourcecode.swift; path = Extensions.swift; sourceTree = "<group>"; };
		BB5CEB742999850600517ADC /* RMCharacterCollectionViewCell.swift */ = {isa = PBXFileReference; lastKnownFileType = sourcecode.swift; path = RMCharacterCollectionViewCell.swift; sourceTree = "<group>"; };
		BB5CEB76299A5E7000517ADC /* RMCharacterCollectionViewCellViewModel.swift */ = {isa = PBXFileReference; lastKnownFileType = sourcecode.swift; path = RMCharacterCollectionViewCellViewModel.swift; sourceTree = "<group>"; };
		BB5CEB79299AA36100517ADC /* RMCharacterDetailViewController.swift */ = {isa = PBXFileReference; lastKnownFileType = sourcecode.swift; path = RMCharacterDetailViewController.swift; sourceTree = "<group>"; };
		BB5CEB7B299AA41200517ADC /* RMCharacterDetailView.swift */ = {isa = PBXFileReference; lastKnownFileType = sourcecode.swift; path = RMCharacterDetailView.swift; sourceTree = "<group>"; };
		BB5CEB7D299AA43000517ADC /* RMCharacterDetailViewViewModel.swift */ = {isa = PBXFileReference; lastKnownFileType = sourcecode.swift; path = RMCharacterDetailViewViewModel.swift; sourceTree = "<group>"; };
		BB5CEB7F299ABFE500517ADC /* RMFooterLoadingCollectionReusableView.swift */ = {isa = PBXFileReference; lastKnownFileType = sourcecode.swift; path = RMFooterLoadingCollectionReusableView.swift; sourceTree = "<group>"; };
		BB5CEB81299C058700517ADC /* RMImageLoader.swift */ = {isa = PBXFileReference; lastKnownFileType = sourcecode.swift; path = RMImageLoader.swift; sourceTree = "<group>"; };
/* End PBXFileReference section */

/* Begin PBXFrameworksBuildPhase section */
		BB5CEB2A2992693400517ADC /* Frameworks */ = {
			isa = PBXFrameworksBuildPhase;
			buildActionMask = 2147483647;
			files = (
			);
			runOnlyForDeploymentPostprocessing = 0;
		};
/* End PBXFrameworksBuildPhase section */

/* Begin PBXGroup section */
		BB5CEB242992693400517ADC = {
			isa = PBXGroup;
			children = (
				BB5CEB2F2992693400517ADC /* RickAndMorty */,
				BB5CEB2E2992693400517ADC /* Products */,
			);
			sourceTree = "<group>";
		};
		BB5CEB2E2992693400517ADC /* Products */ = {
			isa = PBXGroup;
			children = (
				BB5CEB2D2992693400517ADC /* RickAndMorty.app */,
			);
			name = Products;
			sourceTree = "<group>";
		};
		BB5CEB2F2992693400517ADC /* RickAndMorty */ = {
			isa = PBXGroup;
			children = (
				BB5CEB4A29926B2600517ADC /* Resources */,
				BB5CEB4929926B1400517ADC /* APIClient */,
				BB5CEB4829926B0500517ADC /* Managers */,
				BB5CEB4729926AFC00517ADC /* ViewModels */,
				BB5CEB4629926AF300517ADC /* Views */,
				BB5CEB4529926AED00517ADC /* Models */,
				BB5CEB4429926AE700517ADC /* Controllers */,
				BB5CEB3E2992693600517ADC /* Info.plist */,
			);
			path = RickAndMorty;
			sourceTree = "<group>";
		};
		BB5CEB4429926AE700517ADC /* Controllers */ = {
			isa = PBXGroup;
			children = (
				BB5CEB78299AA33900517ADC /* Other */,
				BB5CEB592992723C00517ADC /* Core */,
			);
			path = Controllers;
			sourceTree = "<group>";
		};
		BB5CEB4529926AED00517ADC /* Models */ = {
			isa = PBXGroup;
			children = (
				BB5CEB6929993B9E00517ADC /* APIResponseTypes */,
				BB5CEB6829993B8500517ADC /* DataTypes */,
			);
			path = Models;
			sourceTree = "<group>";
		};
		BB5CEB4629926AF300517ADC /* Views */ = {
			isa = PBXGroup;
			children = (
				BB5CEB702999497400517ADC /* RMCharacterListView.swift */,
				BB5CEB742999850600517ADC /* RMCharacterCollectionViewCell.swift */,
				BB5CEB7B299AA41200517ADC /* RMCharacterDetailView.swift */,
				BB5CEB7F299ABFE500517ADC /* RMFooterLoadingCollectionReusableView.swift */,
			);
			path = Views;
			sourceTree = "<group>";
		};
		BB5CEB4729926AFC00517ADC /* ViewModels */ = {
			isa = PBXGroup;
			children = (
				BB5CEB6E299948E700517ADC /* RMCharacterListViewViewModel.swift */,
				BB5CEB76299A5E7000517ADC /* RMCharacterCollectionViewCellViewModel.swift */,
				BB5CEB7D299AA43000517ADC /* RMCharacterDetailViewViewModel.swift */,
			);
			path = ViewModels;
			sourceTree = "<group>";
		};
		BB5CEB4829926B0500517ADC /* Managers */ = {
			isa = PBXGroup;
			children = (
				BB5CEB81299C058700517ADC /* RMImageLoader.swift */,
			);
			path = Managers;
			sourceTree = "<group>";
		};
		BB5CEB4929926B1400517ADC /* APIClient */ = {
			isa = PBXGroup;
			children = (
				BB5CEB5A2992869300517ADC /* RMService.swift */,
				BB5CEB5C299286B500517ADC /* RMRequest.swift */,
				BB5CEB5E29928E5800517ADC /* RMEndpoint.swift */,
			);
			path = APIClient;
			sourceTree = "<group>";
		};
		BB5CEB4A29926B2600517ADC /* Resources */ = {
			isa = PBXGroup;
			children = (
				BB5CEB302992693400517ADC /* AppDelegate.swift */,
				BB5CEB322992693400517ADC /* SceneDelegate.swift */,
				BB5CEB392992693600517ADC /* Assets.xcassets */,
				BB5CEB3B2992693600517ADC /* LaunchScreen.storyboard */,
				BB5CEB72299965C000517ADC /* Extensions.swift */,
			);
			path = Resources;
			sourceTree = "<group>";
		};
		BB5CEB592992723C00517ADC /* Core */ = {
			isa = PBXGroup;
			children = (
				BB5CEB342992693400517ADC /* RMTabBarController.swift */,
				BB5CEB5129926C9100517ADC /* RMCharacterViewController.swift */,
				BB5CEB5329926CA700517ADC /* RMLocationViewController.swift */,
				BB5CEB5529926CBD00517ADC /* RMEpisodeViewController.swift */,
				BB5CEB5729926CCF00517ADC /* RMSettingsViewController.swift */,
			);
			path = Core;
			sourceTree = "<group>";
		};
		BB5CEB6829993B8500517ADC /* DataTypes */ = {
			isa = PBXGroup;
			children = (
				BB5CEB4B29926B9A00517ADC /* RMLocation.swift */,
				BB5CEB4D29926BAD00517ADC /* RMCharacters.swift */,
				BB5CEB4F29926BBB00517ADC /* RMEpisode.swift */,
				BB5CEB6029967BC700517ADC /* RMOrigin.swift */,
				BB5CEB62299686F500517ADC /* RMSingleLocation.swift */,
				BB5CEB642997A1FF00517ADC /* RMCharacterStatus.swift */,
				BB5CEB662997A28600517ADC /* RMCharacterGender.swift */,
			);
			path = DataTypes;
			sourceTree = "<group>";
		};
		BB5CEB6929993B9E00517ADC /* APIResponseTypes */ = {
			isa = PBXGroup;
			children = (
				BB5CEB6C29993C7F00517ADC /* RMGetAllCharactersResponse.swift */,
			);
			path = APIResponseTypes;
			sourceTree = "<group>";
		};
		BB5CEB78299AA33900517ADC /* Other */ = {
			isa = PBXGroup;
			children = (
				BB5CEB79299AA36100517ADC /* RMCharacterDetailViewController.swift */,
			);
			path = Other;
			sourceTree = "<group>";
		};
/* End PBXGroup section */

/* Begin PBXNativeTarget section */
		BB5CEB2C2992693400517ADC /* RickAndMorty */ = {
			isa = PBXNativeTarget;
			buildConfigurationList = BB5CEB412992693600517ADC /* Build configuration list for PBXNativeTarget "RickAndMorty" */;
			buildPhases = (
				BB5CEB292992693400517ADC /* Sources */,
				BB5CEB2A2992693400517ADC /* Frameworks */,
				BB5CEB2B2992693400517ADC /* Resources */,
			);
			buildRules = (
			);
			dependencies = (
			);
			name = RickAndMorty;
			productName = RickAndMorty;
			productReference = BB5CEB2D2992693400517ADC /* RickAndMorty.app */;
			productType = "com.apple.product-type.application";
		};
/* End PBXNativeTarget section */

/* Begin PBXProject section */
		BB5CEB252992693400517ADC /* Project object */ = {
			isa = PBXProject;
			attributes = {
				BuildIndependentTargetsInParallel = 1;
				LastSwiftUpdateCheck = 1410;
				LastUpgradeCheck = 1410;
				TargetAttributes = {
					BB5CEB2C2992693400517ADC = {
						CreatedOnToolsVersion = 14.1;
					};
				};
			};
			buildConfigurationList = BB5CEB282992693400517ADC /* Build configuration list for PBXProject "RickAndMorty" */;
			compatibilityVersion = "Xcode 14.0";
			developmentRegion = en;
			hasScannedForEncodings = 0;
			knownRegions = (
				en,
				Base,
			);
			mainGroup = BB5CEB242992693400517ADC;
			productRefGroup = BB5CEB2E2992693400517ADC /* Products */;
			projectDirPath = "";
			projectRoot = "";
			targets = (
				BB5CEB2C2992693400517ADC /* RickAndMorty */,
			);
		};
/* End PBXProject section */

/* Begin PBXResourcesBuildPhase section */
		BB5CEB2B2992693400517ADC /* Resources */ = {
			isa = PBXResourcesBuildPhase;
			buildActionMask = 2147483647;
			files = (
				BB5CEB3D2992693600517ADC /* LaunchScreen.storyboard in Resources */,
				BB5CEB3A2992693600517ADC /* Assets.xcassets in Resources */,
			);
			runOnlyForDeploymentPostprocessing = 0;
		};
/* End PBXResourcesBuildPhase section */

/* Begin PBXSourcesBuildPhase section */
		BB5CEB292992693400517ADC /* Sources */ = {
			isa = PBXSourcesBuildPhase;
			buildActionMask = 2147483647;
			files = (
				BB5CEB6129967BC700517ADC /* RMOrigin.swift in Sources */,
				BB5CEB7E299AA43000517ADC /* RMCharacterDetailViewViewModel.swift in Sources */,
				BB5CEB63299686F500517ADC /* RMSingleLocation.swift in Sources */,
				BB5CEB712999497400517ADC /* RMCharacterListView.swift in Sources */,
				BB5CEB6D29993C7F00517ADC /* RMGetAllCharactersResponse.swift in Sources */,
				BB5CEB652997A1FF00517ADC /* RMCharacterStatus.swift in Sources */,
				BB5CEB672997A28600517ADC /* RMCharacterGender.swift in Sources */,
				BB5CEB7A299AA36100517ADC /* RMCharacterDetailViewController.swift in Sources */,
				BB5CEB80299ABFE500517ADC /* RMFooterLoadingCollectionReusableView.swift in Sources */,
				BB5CEB5429926CA700517ADC /* RMLocationViewController.swift in Sources */,
				BB5CEB5029926BBB00517ADC /* RMEpisode.swift in Sources */,
				BB5CEB352992693400517ADC /* RMTabBarController.swift in Sources */,
				BB5CEB752999850600517ADC /* RMCharacterCollectionViewCell.swift in Sources */,
				BB5CEB5629926CBD00517ADC /* RMEpisodeViewController.swift in Sources */,
				BB5CEB312992693400517ADC /* AppDelegate.swift in Sources */,
				BB5CEB4E29926BAD00517ADC /* RMCharacters.swift in Sources */,
				BB5CEB5829926CCF00517ADC /* RMSettingsViewController.swift in Sources */,
				BB5CEB73299965C000517ADC /* Extensions.swift in Sources */,
				BB5CEB5B2992869300517ADC /* RMService.swift in Sources */,
				BB5CEB332992693400517ADC /* SceneDelegate.swift in Sources */,
				BB5CEB5F29928E5800517ADC /* RMEndpoint.swift in Sources */,
				BB5CEB4C29926B9A00517ADC /* RMLocation.swift in Sources */,
				BB5CEB77299A5E7000517ADC /* RMCharacterCollectionViewCellViewModel.swift in Sources */,
				BB5CEB82299C058700517ADC /* RMImageLoader.swift in Sources */,
				BB5CEB5D299286B500517ADC /* RMRequest.swift in Sources */,
				BB5CEB6F299948E700517ADC /* RMCharacterListViewViewModel.swift in Sources */,
				BB5CEB5229926C9100517ADC /* RMCharacterViewController.swift in Sources */,
				BB5CEB7C299AA41200517ADC /* RMCharacterDetailView.swift in Sources */,
			);
			runOnlyForDeploymentPostprocessing = 0;
		};
/* End PBXSourcesBuildPhase section */

/* Begin PBXVariantGroup section */
		BB5CEB3B2992693600517ADC /* LaunchScreen.storyboard */ = {
			isa = PBXVariantGroup;
			children = (
				BB5CEB3C2992693600517ADC /* Base */,
			);
			name = LaunchScreen.storyboard;
			sourceTree = "<group>";
		};
/* End PBXVariantGroup section */

/* Begin XCBuildConfiguration section */
		BB5CEB3F2992693600517ADC /* Debug */ = {
			isa = XCBuildConfiguration;
			buildSettings = {
				ALWAYS_SEARCH_USER_PATHS = NO;
				CLANG_ANALYZER_NONNULL = YES;
				CLANG_ANALYZER_NUMBER_OBJECT_CONVERSION = YES_AGGRESSIVE;
				CLANG_CXX_LANGUAGE_STANDARD = "gnu++20";
				CLANG_ENABLE_MODULES = YES;
				CLANG_ENABLE_OBJC_ARC = YES;
				CLANG_ENABLE_OBJC_WEAK = YES;
				CLANG_WARN_BLOCK_CAPTURE_AUTORELEASING = YES;
				CLANG_WARN_BOOL_CONVERSION = YES;
				CLANG_WARN_COMMA = YES;
				CLANG_WARN_CONSTANT_CONVERSION = YES;
				CLANG_WARN_DEPRECATED_OBJC_IMPLEMENTATIONS = YES;
				CLANG_WARN_DIRECT_OBJC_ISA_USAGE = YES_ERROR;
				CLANG_WARN_DOCUMENTATION_COMMENTS = YES;
				CLANG_WARN_EMPTY_BODY = YES;
				CLANG_WARN_ENUM_CONVERSION = YES;
				CLANG_WARN_INFINITE_RECURSION = YES;
				CLANG_WARN_INT_CONVERSION = YES;
				CLANG_WARN_NON_LITERAL_NULL_CONVERSION = YES;
				CLANG_WARN_OBJC_IMPLICIT_RETAIN_SELF = YES;
				CLANG_WARN_OBJC_LITERAL_CONVERSION = YES;
				CLANG_WARN_OBJC_ROOT_CLASS = YES_ERROR;
				CLANG_WARN_QUOTED_INCLUDE_IN_FRAMEWORK_HEADER = YES;
				CLANG_WARN_RANGE_LOOP_ANALYSIS = YES;
				CLANG_WARN_STRICT_PROTOTYPES = YES;
				CLANG_WARN_SUSPICIOUS_MOVE = YES;
				CLANG_WARN_UNGUARDED_AVAILABILITY = YES_AGGRESSIVE;
				CLANG_WARN_UNREACHABLE_CODE = YES;
				CLANG_WARN__DUPLICATE_METHOD_MATCH = YES;
				COPY_PHASE_STRIP = NO;
				DEBUG_INFORMATION_FORMAT = dwarf;
				ENABLE_STRICT_OBJC_MSGSEND = YES;
				ENABLE_TESTABILITY = YES;
				GCC_C_LANGUAGE_STANDARD = gnu11;
				GCC_DYNAMIC_NO_PIC = NO;
				GCC_NO_COMMON_BLOCKS = YES;
				GCC_OPTIMIZATION_LEVEL = 0;
				GCC_PREPROCESSOR_DEFINITIONS = (
					"DEBUG=1",
					"$(inherited)",
				);
				GCC_WARN_64_TO_32_BIT_CONVERSION = YES;
				GCC_WARN_ABOUT_RETURN_TYPE = YES_ERROR;
				GCC_WARN_UNDECLARED_SELECTOR = YES;
				GCC_WARN_UNINITIALIZED_AUTOS = YES_AGGRESSIVE;
				GCC_WARN_UNUSED_FUNCTION = YES;
				GCC_WARN_UNUSED_VARIABLE = YES;
				IPHONEOS_DEPLOYMENT_TARGET = 16.1;
				MTL_ENABLE_DEBUG_INFO = INCLUDE_SOURCE;
				MTL_FAST_MATH = YES;
				ONLY_ACTIVE_ARCH = YES;
				SDKROOT = iphoneos;
				SWIFT_ACTIVE_COMPILATION_CONDITIONS = DEBUG;
				SWIFT_OPTIMIZATION_LEVEL = "-Onone";
			};
			name = Debug;
		};
		BB5CEB402992693600517ADC /* Release */ = {
			isa = XCBuildConfiguration;
			buildSettings = {
				ALWAYS_SEARCH_USER_PATHS = NO;
				CLANG_ANALYZER_NONNULL = YES;
				CLANG_ANALYZER_NUMBER_OBJECT_CONVERSION = YES_AGGRESSIVE;
				CLANG_CXX_LANGUAGE_STANDARD = "gnu++20";
				CLANG_ENABLE_MODULES = YES;
				CLANG_ENABLE_OBJC_ARC = YES;
				CLANG_ENABLE_OBJC_WEAK = YES;
				CLANG_WARN_BLOCK_CAPTURE_AUTORELEASING = YES;
				CLANG_WARN_BOOL_CONVERSION = YES;
				CLANG_WARN_COMMA = YES;
				CLANG_WARN_CONSTANT_CONVERSION = YES;
				CLANG_WARN_DEPRECATED_OBJC_IMPLEMENTATIONS = YES;
				CLANG_WARN_DIRECT_OBJC_ISA_USAGE = YES_ERROR;
				CLANG_WARN_DOCUMENTATION_COMMENTS = YES;
				CLANG_WARN_EMPTY_BODY = YES;
				CLANG_WARN_ENUM_CONVERSION = YES;
				CLANG_WARN_INFINITE_RECURSION = YES;
				CLANG_WARN_INT_CONVERSION = YES;
				CLANG_WARN_NON_LITERAL_NULL_CONVERSION = YES;
				CLANG_WARN_OBJC_IMPLICIT_RETAIN_SELF = YES;
				CLANG_WARN_OBJC_LITERAL_CONVERSION = YES;
				CLANG_WARN_OBJC_ROOT_CLASS = YES_ERROR;
				CLANG_WARN_QUOTED_INCLUDE_IN_FRAMEWORK_HEADER = YES;
				CLANG_WARN_RANGE_LOOP_ANALYSIS = YES;
				CLANG_WARN_STRICT_PROTOTYPES = YES;
				CLANG_WARN_SUSPICIOUS_MOVE = YES;
				CLANG_WARN_UNGUARDED_AVAILABILITY = YES_AGGRESSIVE;
				CLANG_WARN_UNREACHABLE_CODE = YES;
				CLANG_WARN__DUPLICATE_METHOD_MATCH = YES;
				COPY_PHASE_STRIP = NO;
				DEBUG_INFORMATION_FORMAT = "dwarf-with-dsym";
				ENABLE_NS_ASSERTIONS = NO;
				ENABLE_STRICT_OBJC_MSGSEND = YES;
				GCC_C_LANGUAGE_STANDARD = gnu11;
				GCC_NO_COMMON_BLOCKS = YES;
				GCC_WARN_64_TO_32_BIT_CONVERSION = YES;
				GCC_WARN_ABOUT_RETURN_TYPE = YES_ERROR;
				GCC_WARN_UNDECLARED_SELECTOR = YES;
				GCC_WARN_UNINITIALIZED_AUTOS = YES_AGGRESSIVE;
				GCC_WARN_UNUSED_FUNCTION = YES;
				GCC_WARN_UNUSED_VARIABLE = YES;
				IPHONEOS_DEPLOYMENT_TARGET = 16.1;
				MTL_ENABLE_DEBUG_INFO = NO;
				MTL_FAST_MATH = YES;
				SDKROOT = iphoneos;
				SWIFT_COMPILATION_MODE = wholemodule;
				SWIFT_OPTIMIZATION_LEVEL = "-O";
				VALIDATE_PRODUCT = YES;
			};
			name = Release;
		};
		BB5CEB422992693600517ADC /* Debug */ = {
			isa = XCBuildConfiguration;
			buildSettings = {
				ASSETCATALOG_COMPILER_APPICON_NAME = AppIcon;
				ASSETCATALOG_COMPILER_GLOBAL_ACCENT_COLOR_NAME = AccentColor;
				CODE_SIGN_STYLE = Automatic;
				CURRENT_PROJECT_VERSION = 1;
				DEVELOPMENT_TEAM = MBM3DWM64M;
				GENERATE_INFOPLIST_FILE = YES;
				INFOPLIST_FILE = RickAndMorty/Info.plist;
				INFOPLIST_KEY_UIApplicationSupportsIndirectInputEvents = YES;
				INFOPLIST_KEY_UILaunchStoryboardName = LaunchScreen;
				INFOPLIST_KEY_UISupportedInterfaceOrientations_iPad = "UIInterfaceOrientationPortrait UIInterfaceOrientationPortraitUpsideDown UIInterfaceOrientationLandscapeLeft UIInterfaceOrientationLandscapeRight";
				INFOPLIST_KEY_UISupportedInterfaceOrientations_iPhone = "UIInterfaceOrientationPortrait UIInterfaceOrientationLandscapeLeft UIInterfaceOrientationLandscapeRight";
				LD_RUNPATH_SEARCH_PATHS = (
					"$(inherited)",
					"@executable_path/Frameworks",
				);
				MARKETING_VERSION = 1.0;
				PRODUCT_BUNDLE_IDENTIFIER = com.diyor.RickAndMorty;
				PRODUCT_NAME = "$(TARGET_NAME)";
				SWIFT_EMIT_LOC_STRINGS = YES;
				SWIFT_VERSION = 5.0;
				TARGETED_DEVICE_FAMILY = "1,2";
			};
			name = Debug;
		};
		BB5CEB432992693600517ADC /* Release */ = {
			isa = XCBuildConfiguration;
			buildSettings = {
				ASSETCATALOG_COMPILER_APPICON_NAME = AppIcon;
				ASSETCATALOG_COMPILER_GLOBAL_ACCENT_COLOR_NAME = AccentColor;
				CODE_SIGN_STYLE = Automatic;
				CURRENT_PROJECT_VERSION = 1;
				DEVELOPMENT_TEAM = MBM3DWM64M;
				GENERATE_INFOPLIST_FILE = YES;
				INFOPLIST_FILE = RickAndMorty/Info.plist;
				INFOPLIST_KEY_UIApplicationSupportsIndirectInputEvents = YES;
				INFOPLIST_KEY_UILaunchStoryboardName = LaunchScreen;
				INFOPLIST_KEY_UISupportedInterfaceOrientations_iPad = "UIInterfaceOrientationPortrait UIInterfaceOrientationPortraitUpsideDown UIInterfaceOrientationLandscapeLeft UIInterfaceOrientationLandscapeRight";
				INFOPLIST_KEY_UISupportedInterfaceOrientations_iPhone = "UIInterfaceOrientationPortrait UIInterfaceOrientationLandscapeLeft UIInterfaceOrientationLandscapeRight";
				LD_RUNPATH_SEARCH_PATHS = (
					"$(inherited)",
					"@executable_path/Frameworks",
				);
				MARKETING_VERSION = 1.0;
				PRODUCT_BUNDLE_IDENTIFIER = com.diyor.RickAndMorty;
				PRODUCT_NAME = "$(TARGET_NAME)";
				SWIFT_EMIT_LOC_STRINGS = YES;
				SWIFT_VERSION = 5.0;
				TARGETED_DEVICE_FAMILY = "1,2";
			};
			name = Release;
		};
/* End XCBuildConfiguration section */

/* Begin XCConfigurationList section */
		BB5CEB282992693400517ADC /* Build configuration list for PBXProject "RickAndMorty" */ = {
			isa = XCConfigurationList;
			buildConfigurations = (
				BB5CEB3F2992693600517ADC /* Debug */,
				BB5CEB402992693600517ADC /* Release */,
			);
			defaultConfigurationIsVisible = 0;
			defaultConfigurationName = Release;
		};
		BB5CEB412992693600517ADC /* Build configuration list for PBXNativeTarget "RickAndMorty" */ = {
			isa = XCConfigurationList;
			buildConfigurations = (
				BB5CEB422992693600517ADC /* Debug */,
				BB5CEB432992693600517ADC /* Release */,
			);
			defaultConfigurationIsVisible = 0;
			defaultConfigurationName = Release;
		};
/* End XCConfigurationList section */
	};
	rootObject = BB5CEB252992693400517ADC /* Project object */;
}
